
Microsoft Visual Studio Solution File, Format Version 12.00
# Visual Studio Version 17
VisualStudioVersion = 17.6.33829.357
MinimumVisualStudioVersion = 10.0.40219.1
Project("{FAE04EC0-301F-11D3-BF4B-00C04F79EFBC}") = "WebAPICongitoDemo.Api", "src\WebAPICongitoDemo.Api\WebAPICongitoDemo.Api.csproj", "{8245D981-45F9-447D-8D15-EC94DB2ADE05}"
EndProject
Global
	GlobalSection(SolutionConfigurationPlatforms) = preSolution
		Debug|Any CPU = Debug|Any CPU
		Release|Any CPU = Release|Any CPU
	EndGlobalSection
	GlobalSection(ProjectConfigurationPlatforms) = postSolution
		{8245D981-45F9-447D-8D15-EC94DB2ADE05}.Debug|Any CPU.ActiveCfg = Debug|Any CPU
		{8245D981-45F9-447D-8D15-EC94DB2ADE05}.Debug|Any CPU.Build.0 = Debug|Any CPU
		{8245D981-45F9-447D-8D15-EC94DB2ADE05}.Release|Any CPU.ActiveCfg = Release|Any CPU
		{8245D981-45F9-447D-8D15-EC94DB2ADE05}.Release|Any CPU.Build.0 = Release|Any CPU
	EndGlobalSection
	GlobalSection(SolutionProperties) = preSolution
		HideSolutionNode = FALSE
	EndGlobalSection
	GlobalSection(ExtensibilityGlobals) = postSolution
		SolutionGuid = {725BECCF-D929-4B80-8920-C7C051CD33EC}
	EndGlobalSection
EndGlobal
